
Microsoft Visual Studio Solution File, Format Version 12.00
# Visual Studio Version 17
VisualStudioVersion = 17.9.34902.65
MinimumVisualStudioVersion = 10.0.40219.1
Project("{FAE04EC0-301F-11D3-BF4B-00C04F79EFBC}") = "JobPortal", "JobPortal\JobPortal.csproj", "{978BDF55-69E2-44B4-8458-770AB017C364}"
EndProject
Global
	GlobalSection(SolutionConfigurationPlatforms) = preSolution
		Debug|Any CPU = Debug|Any CPU
		Release|Any CPU = Release|Any CPU
	EndGlobalSection
	GlobalSection(ProjectConfigurationPlatforms) = postSolution
		{978BDF55-69E2-44B4-8458-770AB017C364}.Debug|Any CPU.ActiveCfg = Debug|Any CPU
		{978BDF55-69E2-44B4-8458-770AB017C364}.Debug|Any CPU.Build.0 = Debug|Any CPU
		{978BDF55-69E2-44B4-8458-770AB017C364}.Release|Any CPU.ActiveCfg = Release|Any CPU
		{978BDF55-69E2-44B4-8458-770AB017C364}.Release|Any CPU.Build.0 = Release|Any CPU
	EndGlobalSection
	GlobalSection(SolutionProperties) = preSolution
		HideSolutionNode = FALSE
	EndGlobalSection
	GlobalSection(ExtensibilityGlobals) = postSolution
		SolutionGuid = {87E81D79-626E-48B8-A673-5F2285DEA579}
	EndGlobalSection
EndGlobal
